// !$*UTF8*$!
{
	archiveVersion = 1;
	classes = {
	};
	objectVersion = 46;
	objects = {

/* Begin PBXBuildFile section */
		513A9EA31CFDA25A003E2BEE /* DatePickerViewController.swift in Sources */ = {isa = PBXBuildFile; fileRef = 513A9EA21CFDA25A003E2BEE /* DatePickerViewController.swift */; };
		513A9EA51CFDA294003E2BEE /* SingleComponentPickerViewController.swift in Sources */ = {isa = PBXBuildFile; fileRef = 513A9EA41CFDA294003E2BEE /* SingleComponentPickerViewController.swift */; };
		513A9EA71CFDA2B8003E2BEE /* DoubleComponentPickerViewController.swift in Sources */ = {isa = PBXBuildFile; fileRef = 513A9EA61CFDA2B8003E2BEE /* DoubleComponentPickerViewController.swift */; };
		513A9EA91CFDA2EE003E2BEE /* DependentComponentPickerViewController.swift in Sources */ = {isa = PBXBuildFile; fileRef = 513A9EA81CFDA2EE003E2BEE /* DependentComponentPickerViewController.swift */; };
		513A9EAD1CFDEC87003E2BEE /* CustomPickerViewController.swift in Sources */ = {isa = PBXBuildFile; fileRef = 513A9EAC1CFDEC87003E2BEE /* CustomPickerViewController.swift */; };
		513A9EAF1CFE4A24003E2BEE /* statedictionary.plist in Resources */ = {isa = PBXBuildFile; fileRef = 513A9EAE1CFE4A24003E2BEE /* statedictionary.plist */; };
		513A9EB21CFF1FED003E2BEE /* crunch.wav in Resources */ = {isa = PBXBuildFile; fileRef = 513A9EB01CFF1FED003E2BEE /* crunch.wav */; };
		513A9EB31CFF1FED003E2BEE /* win.wav in Resources */ = {isa = PBXBuildFile; fileRef = 513A9EB11CFF1FED003E2BEE /* win.wav */; };
		517997071CFDA0A200EE160C /* AppDelegate.swift in Sources */ = {isa = PBXBuildFile; fileRef = 517997061CFDA0A200EE160C /* AppDelegate.swift */; };
		517997091CFDA0A200EE160C /* ViewController.swift in Sources */ = {isa = PBXBuildFile; fileRef = 517997081CFDA0A200EE160C /* ViewController.swift */; };
		5179970C1CFDA0A200EE160C /* Main.storyboard in Resources */ = {isa = PBXBuildFile; fileRef = 5179970A1CFDA0A200EE160C /* Main.storyboard */; };
		5179970E1CFDA0A200EE160C /* Assets.xcassets in Resources */ = {isa = PBXBuildFile; fileRef = 5179970D1CFDA0A200EE160C /* Assets.xcassets */; };
		517997111CFDA0A200EE160C /* LaunchScreen.storyboard in Resources */ = {isa = PBXBuildFile; fileRef = 5179970F1CFDA0A200EE160C /* LaunchScreen.storyboard */; };
/* End PBXBuildFile section */

/* Begin PBXFileReference section */
		513A9EA21CFDA25A003E2BEE /* DatePickerViewController.swift */ = {isa = PBXFileReference; fileEncoding = 4; lastKnownFileType = sourcecode.swift; path = DatePickerViewController.swift; sourceTree = "<group>"; };
		513A9EA41CFDA294003E2BEE /* SingleComponentPickerViewController.swift */ = {isa = PBXFileReference; fileEncoding = 4; lastKnownFileType = sourcecode.swift; path = SingleComponentPickerViewController.swift; sourceTree = "<group>"; };
		513A9EA61CFDA2B8003E2BEE /* DoubleComponentPickerViewController.swift */ = {isa = PBXFileReference; fileEncoding = 4; lastKnownFileType = sourcecode.swift; path = DoubleComponentPickerViewController.swift; sourceTree = "<group>"; };
		513A9EA81CFDA2EE003E2BEE /* DependentComponentPickerViewController.swift */ = {isa = PBXFileReference; fileEncoding = 4; lastKnownFileType = sourcecode.swift; path = DependentComponentPickerViewController.swift; sourceTree = "<group>"; };
		513A9EAC1CFDEC87003E2BEE /* CustomPickerViewController.swift */ = {isa = PBXFileReference; fileEncoding = 4; lastKnownFileType = sourcecode.swift; path = CustomPickerViewController.swift; sourceTree = "<group>"; };
		513A9EAE1CFE4A24003E2BEE /* statedictionary.plist */ = {isa = PBXFileReference; fileEncoding = 4; lastKnownFileType = text.plist.xml; path = statedictionary.plist; sourceTree = "<group>"; };
		513A9EB01CFF1FED003E2BEE /* crunch.wav */ = {isa = PBXFileReference; lastKnownFileType = audio.wav; path = crunch.wav; sourceTree = "<group>"; };
		513A9EB11CFF1FED003E2BEE /* win.wav */ = {isa = PBXFileReference; lastKnownFileType = audio.wav; path = win.wav; sourceTree = "<group>"; };
		517997031CFDA0A200EE160C /* Pickers.app */ = {isa = PBXFileReference; explicitFileType = wrapper.application; includeInIndex = 0; path = Pickers.app; sourceTree = BUILT_PRODUCTS_DIR; };
		517997061CFDA0A200EE160C /* AppDelegate.swift */ = {isa = PBXFileReference; lastKnownFileType = sourcecode.swift; path = AppDelegate.swift; sourceTree = "<group>"; };
		517997081CFDA0A200EE160C /* ViewController.swift */ = {isa = PBXFileReference; lastKnownFileType = sourcecode.swift; path = ViewController.swift; sourceTree = "<group>"; };
		5179970B1CFDA0A200EE160C /* Base */ = {isa = PBXFileReference; lastKnownFileType = file.storyboard; name = Base; path = Base.lproj/Main.storyboard; sourceTree = "<group>"; };
		5179970D1CFDA0A200EE160C /* Assets.xcassets */ = {isa = PBXFileReference; lastKnownFileType = folder.assetcatalog; path = Assets.xcassets; sourceTree = "<group>"; };
		517997101CFDA0A200EE160C /* Base */ = {isa = PBXFileReference; lastKnownFileType = file.storyboard; name = Base; path = Base.lproj/LaunchScreen.storyboard; sourceTree = "<group>"; };
		517997121CFDA0A200EE160C /* Info.plist */ = {isa = PBXFileReference; lastKnownFileType = text.plist.xml; path = Info.plist; sourceTree = "<group>"; };
/* End PBXFileReference section */

/* Begin PBXFrameworksBuildPhase section */
		517997001CFDA0A200EE160C /* Frameworks */ = {
			isa = PBXFrameworksBuildPhase;
			buildActionMask = 2147483647;
			files = (
			);
			runOnlyForDeploymentPostprocessing = 0;
		};
/* End PBXFrameworksBuildPhase section */

/* Begin PBXGroup section */
		517996FA1CFDA0A200EE160C = {
			isa = PBXGroup;
			children = (
				517997051CFDA0A200EE160C /* Pickers */,
				517997041CFDA0A200EE160C /* Products */,
			);
			sourceTree = "<group>";
		};
		517997041CFDA0A200EE160C /* Products */ = {
			isa = PBXGroup;
			children = (
				517997031CFDA0A200EE160C /* Pickers.app */,
			);
			name = Products;
			sourceTree = "<group>";
		};
		517997051CFDA0A200EE160C /* Pickers */ = {
			isa = PBXGroup;
			children = (
				517997061CFDA0A200EE160C /* AppDelegate.swift */,
				517997081CFDA0A200EE160C /* ViewController.swift */,
				5179970A1CFDA0A200EE160C /* Main.storyboard */,
				5179970D1CFDA0A200EE160C /* Assets.xcassets */,
				5179970F1CFDA0A200EE160C /* LaunchScreen.storyboard */,
				517997121CFDA0A200EE160C /* Info.plist */,
				513A9EAE1CFE4A24003E2BEE /* statedictionary.plist */,
				513A9EA21CFDA25A003E2BEE /* DatePickerViewController.swift */,
				513A9EA41CFDA294003E2BEE /* SingleComponentPickerViewController.swift */,
				513A9EA61CFDA2B8003E2BEE /* DoubleComponentPickerViewController.swift */,
				513A9EA81CFDA2EE003E2BEE /* DependentComponentPickerViewController.swift */,
				513A9EAC1CFDEC87003E2BEE /* CustomPickerViewController.swift */,
				513A9EB01CFF1FED003E2BEE /* crunch.wav */,
				513A9EB11CFF1FED003E2BEE /* win.wav */,
			);
			path = Pickers;
			sourceTree = "<group>";
		};
/* End PBXGroup section */

/* Begin PBXNativeTarget section */
		517997021CFDA0A200EE160C /* Pickers */ = {
			isa = PBXNativeTarget;
			buildConfigurationList = 517997151CFDA0A200EE160C /* Build configuration list for PBXNativeTarget "Pickers" */;
			buildPhases = (
				517996FF1CFDA0A200EE160C /* Sources */,
				517997001CFDA0A200EE160C /* Frameworks */,
				517997011CFDA0A200EE160C /* Resources */,
			);
			buildRules = (
			);
			dependencies = (
			);
			name = Pickers;
			productName = Pickers;
			productReference = 517997031CFDA0A200EE160C /* Pickers.app */;
			productType = "com.apple.product-type.application";
		};
/* End PBXNativeTarget section */

/* Begin PBXProject section */
		517996FB1CFDA0A200EE160C /* Project object */ = {
			isa = PBXProject;
			attributes = {
				LastSwiftUpdateCheck = 0730;
				LastUpgradeCheck = 0730;
				ORGANIZATIONNAME = "Chen Mingwei";
				TargetAttributes = {
					517997021CFDA0A200EE160C = {
						CreatedOnToolsVersion = 7.3.1;
						DevelopmentTeam = XVALB6H4QP;
					};
				};
			};
			buildConfigurationList = 517996FE1CFDA0A200EE160C /* Build configuration list for PBXProject "Pickers" */;
			compatibilityVersion = "Xcode 3.2";
			developmentRegion = English;
			hasScannedForEncodings = 0;
			knownRegions = (
				en,
				Base,
			);
			mainGroup = 517996FA1CFDA0A200EE160C;
			productRefGroup = 517997041CFDA0A200EE160C /* Products */;
			projectDirPath = "";
			projectRoot = "";
			targets = (
				517997021CFDA0A200EE160C /* Pickers */,
			);
		};
/* End PBXProject section */

/* Begin PBXResourcesBuildPhase section */
		517997011CFDA0A200EE160C /* Resources */ = {
			isa = PBXResourcesBuildPhase;
			buildActionMask = 2147483647;
			files = (
				513A9EB21CFF1FED003E2BEE /* crunch.wav in Resources */,
				517997111CFDA0A200EE160C /* LaunchScreen.storyboard in Resources */,
				5179970E1CFDA0A200EE160C /* Assets.xcassets in Resources */,
				513A9EB31CFF1FED003E2BEE /* win.wav in Resources */,
				513A9EAF1CFE4A24003E2BEE /* statedictionary.plist in Resources */,
				5179970C1CFDA0A200EE160C /* Main.storyboard in Resources */,
			);
			runOnlyForDeploymentPostprocessing = 0;
		};
/* End PBXResourcesBuildPhase section */

/* Begin PBXSourcesBuildPhase section */
		517996FF1CFDA0A200EE160C /* Sources */ = {
			isa = PBXSourcesBuildPhase;
			buildActionMask = 2147483647;
			files = (
				517997091CFDA0A200EE160C /* ViewController.swift in Sources */,
				517997071CFDA0A200EE160C /* AppDelegate.swift in Sources */,
				513A9EA91CFDA2EE003E2BEE /* DependentComponentPickerViewController.swift in Sources */,
				513A9EA71CFDA2B8003E2BEE /* DoubleComponentPickerViewController.swift in Sources */,
				513A9EAD1CFDEC87003E2BEE /* CustomPickerViewController.swift in Sources */,
				513A9EA51CFDA294003E2BEE /* SingleComponentPickerViewController.swift in Sources */,
				513A9EA31CFDA25A003E2BEE /* DatePickerViewController.swift in Sources */,
			);
			runOnlyForDeploymentPostprocessing = 0;
		};
/* End PBXSourcesBuildPhase section */

/* Begin PBXVariantGroup section */
		5179970A1CFDA0A200EE160C /* Main.storyboard */ = {
			isa = PBXVariantGroup;
			children = (
				5179970B1CFDA0A200EE160C /* Base */,
			);
			name = Main.storyboard;
			sourceTree = "<group>";
		};
		5179970F1CFDA0A200EE160C /* LaunchScreen.storyboard */ = {
			isa = PBXVariantGroup;
			children = (
				517997101CFDA0A200EE160C /* Base */,
			);
			name = LaunchScreen.storyboard;
			sourceTree = "<group>";
		};
/* End PBXVariantGroup section */

/* Begin XCBuildConfiguration section */
		517997131CFDA0A200EE160C /* Debug */ = {
			isa = XCBuildConfiguration;
			buildSettings = {
				ALWAYS_SEARCH_USER_PATHS = NO;
				CLANG_ANALYZER_NONNULL = YES;
				CLANG_CXX_LANGUAGE_STANDARD = "gnu++0x";
				CLANG_CXX_LIBRARY = "libc++";
				CLANG_ENABLE_MODULES = YES;
				CLANG_ENABLE_OBJC_ARC = YES;
				CLANG_WARN_BOOL_CONVERSION = YES;
				CLANG_WARN_CONSTANT_CONVERSION = YES;
				CLANG_WARN_DIRECT_OBJC_ISA_USAGE = YES_ERROR;
				CLANG_WARN_EMPTY_BODY = YES;
				CLANG_WARN_ENUM_CONVERSION = YES;
				CLANG_WARN_INT_CONVERSION = YES;
				CLANG_WARN_OBJC_ROOT_CLASS = YES_ERROR;
				CLANG_WARN_UNREACHABLE_CODE = YES;
				CLANG_WARN__DUPLICATE_METHOD_MATCH = YES;
				"CODE_SIGN_IDENTITY[sdk=iphoneos*]" = "iPhone Developer";
				COPY_PHASE_STRIP = NO;
				DEBUG_INFORMATION_FORMAT = dwarf;
				ENABLE_STRICT_OBJC_MSGSEND = YES;
				ENABLE_TESTABILITY = YES;
				GCC_C_LANGUAGE_STANDARD = gnu99;
				GCC_DYNAMIC_NO_PIC = NO;
				GCC_NO_COMMON_BLOCKS = YES;
				GCC_OPTIMIZATION_LEVEL = 0;
				GCC_PREPROCESSOR_DEFINITIONS = (
					"DEBUG=1",
					"$(inherited)",
				);
				GCC_WARN_64_TO_32_BIT_CONVERSION = YES;
				GCC_WARN_ABOUT_RETURN_TYPE = YES_ERROR;
				GCC_WARN_UNDECLARED_SELECTOR = YES;
				GCC_WARN_UNINITIALIZED_AUTOS = YES_AGGRESSIVE;
				GCC_WARN_UNUSED_FUNCTION = YES;
				GCC_WARN_UNUSED_VARIABLE = YES;
				IPHONEOS_DEPLOYMENT_TARGET = 9.3;
				MTL_ENABLE_DEBUG_INFO = YES;
				ONLY_ACTIVE_ARCH = YES;
				SDKROOT = iphoneos;
				SWIFT_OPTIMIZATION_LEVEL = "-Onone";
				TARGETED_DEVICE_FAMILY = "1,2";
			};
			name = Debug;
		};
		517997141CFDA0A200EE160C /* Release */ = {
			isa = XCBuildConfiguration;
			buildSettings = {
				ALWAYS_SEARCH_USER_PATHS = NO;
				CLANG_ANALYZER_NONNULL = YES;
				CLANG_CXX_LANGUAGE_STANDARD = "gnu++0x";
				CLANG_CXX_LIBRARY = "libc++";
				CLANG_ENABLE_MODULES = YES;
				CLANG_ENABLE_OBJC_ARC = YES;
				CLANG_WARN_BOOL_CONVERSION = YES;
				CLANG_WARN_CONSTANT_CONVERSION = YES;
				CLANG_WARN_DIRECT_OBJC_ISA_USAGE = YES_ERROR;
				CLANG_WARN_EMPTY_BODY = YES;
				CLANG_WARN_ENUM_CONVERSION = YES;
				CLANG_WARN_INT_CONVERSION = YES;
				CLANG_WARN_OBJC_ROOT_CLASS = YES_ERROR;
				CLANG_WARN_UNREACHABLE_CODE = YES;
				CLANG_WARN__DUPLICATE_METHOD_MATCH = YES;
				"CODE_SIGN_IDENTITY[sdk=iphoneos*]" = "iPhone Developer";
				COPY_PHASE_STRIP = NO;
				DEBUG_INFORMATION_FORMAT = "dwarf-with-dsym";
				ENABLE_NS_ASSERTIONS = NO;
				ENABLE_STRICT_OBJC_MSGSEND = YES;
				GCC_C_LANGUAGE_STANDARD = gnu99;
				GCC_NO_COMMON_BLOCKS = YES;
				GCC_WARN_64_TO_32_BIT_CONVERSION = YES;
				GCC_WARN_ABOUT_RETURN_TYPE = YES_ERROR;
				GCC_WARN_UNDECLARED_SELECTOR = YES;
				GCC_WARN_UNINITIALIZED_AUTOS = YES_AGGRESSIVE;
				GCC_WARN_UNUSED_FUNCTION = YES;
				GCC_WARN_UNUSED_VARIABLE = YES;
				IPHONEOS_DEPLOYMENT_TARGET = 9.3;
				MTL_ENABLE_DEBUG_INFO = NO;
				SDKROOT = iphoneos;
				TARGETED_DEVICE_FAMILY = "1,2";
				VALIDATE_PRODUCT = YES;
			};
			name = Release;
		};
		517997161CFDA0A200EE160C /* Debug */ = {
			isa = XCBuildConfiguration;
			buildSettings = {
				ASSETCATALOG_COMPILER_APPICON_NAME = AppIcon;
				CODE_SIGN_IDENTITY = "iPhone Developer";
				"CODE_SIGN_IDENTITY[sdk=iphoneos*]" = "iPhone Developer";
				INFOPLIST_FILE = Pickers/Info.plist;
				LD_RUNPATH_SEARCH_PATHS = "$(inherited) @executable_path/Frameworks";
				PRODUCT_BUNDLE_IDENTIFIER = com.pantalaimon729.Pickers;
				PRODUCT_NAME = "$(TARGET_NAME)";
				PROVISIONING_PROFILE = "";
			};
			name = Debug;
		};
		517997171CFDA0A200EE160C /* Release */ = {
			isa = XCBuildConfiguration;
			buildSettings = {
				ASSETCATALOG_COMPILER_APPICON_NAME = AppIcon;
				CODE_SIGN_IDENTITY = "iPhone Developer";
				"CODE_SIGN_IDENTITY[sdk=iphoneos*]" = "iPhone Developer";
				INFOPLIST_FILE = Pickers/Info.plist;
				LD_RUNPATH_SEARCH_PATHS = "$(inherited) @executable_path/Frameworks";
				PRODUCT_BUNDLE_IDENTIFIER = com.pantalaimon729.Pickers;
				PRODUCT_NAME = "$(TARGET_NAME)";
				PROVISIONING_PROFILE = "";
			};
			name = Release;
		};
/* End XCBuildConfiguration section */

/* Begin XCConfigurationList section */
		517996FE1CFDA0A200EE160C /* Build configuration list for PBXProject "Pickers" */ = {
			isa = XCConfigurationList;
			buildConfigurations = (
				517997131CFDA0A200EE160C /* Debug */,
				517997141CFDA0A200EE160C /* Release */,
			);
			defaultConfigurationIsVisible = 0;
			defaultConfigurationName = Release;
		};
		517997151CFDA0A200EE160C /* Build configuration list for PBXNativeTarget "Pickers" */ = {
			isa = XCConfigurationList;
			buildConfigurations = (
				517997161CFDA0A200EE160C /* Debug */,
				517997171CFDA0A200EE160C /* Release */,
			);
			defaultConfigurationIsVisible = 0;
			defaultConfigurationName = Release;
		};
/* End XCConfigurationList section */
	};
	rootObject = 517996FB1CFDA0A200EE160C /* Project object */;
}
